{
  "name": "frontend",
  "lockfileVersion": 3,
  "requires": true,
  "packages": {
    "": {
      "dependencies": {
        "@mateoaranda/jikanjs": "^1.3.1"
      }
    },
    "node_modules/@mateoaranda/jikanjs": {
      "version": "1.3.1",
      "resolved": "https://registry.npmjs.org/@mateoaranda/jikanjs/-/jikanjs-1.3.1.tgz",
      "integrity": "sha512-ZQyoIc5hOeV5MrDBKX9xim6T+FeXy9lNPjJ/+OTDZBPvL3iWp5lGHzepu0nhI91tx4snOBdswhFIkjdrkyNRBg==",
      "license": "ISC"
    }
  }
}
